
Microsoft Visual Studio Solution File, Format Version 12.00
# Visual Studio Version 17
VisualStudioVersion = 17.4.33122.133
MinimumVisualStudioVersion = 10.0.40219.1
Project("{9A19103F-16F7-4668-BE54-9A1E7A4F7556}") = "LibrarySystem.Data", "LibrarySystem.Data\LibrarySystem.Data.csproj", "{2E497C8E-136F-4D27-AE1F-593898BAD4D8}"
EndProject
Project("{FAE04EC0-301F-11D3-BF4B-00C04F79EFBC}") = "LibrarySystem.Web", "LibrarySystem.Web\LibrarySystem.Web.csproj", "{092F8194-43AE-4F74-8F90-AA11C51E9252}"
EndProject
Global
	GlobalSection(SolutionConfigurationPlatforms) = preSolution
		Debug|Any CPU = Debug|Any CPU
		Release|Any CPU = Release|Any CPU
	EndGlobalSection
	GlobalSection(ProjectConfigurationPlatforms) = postSolution
		{2E497C8E-136F-4D27-AE1F-593898BAD4D8}.Debug|Any CPU.ActiveCfg = Debug|Any CPU
		{2E497C8E-136F-4D27-AE1F-593898BAD4D8}.Debug|Any CPU.Build.0 = Debug|Any CPU
		{2E497C8E-136F-4D27-AE1F-593898BAD4D8}.Release|Any CPU.ActiveCfg = Release|Any CPU
		{2E497C8E-136F-4D27-AE1F-593898BAD4D8}.Release|Any CPU.Build.0 = Release|Any CPU
		{092F8194-43AE-4F74-8F90-AA11C51E9252}.Debug|Any CPU.ActiveCfg = Debug|Any CPU
		{092F8194-43AE-4F74-8F90-AA11C51E9252}.Debug|Any CPU.Build.0 = Debug|Any CPU
		{092F8194-43AE-4F74-8F90-AA11C51E9252}.Release|Any CPU.ActiveCfg = Release|Any CPU
		{092F8194-43AE-4F74-8F90-AA11C51E9252}.Release|Any CPU.Build.0 = Release|Any CPU
	EndGlobalSection
	GlobalSection(SolutionProperties) = preSolution
		HideSolutionNode = FALSE
	EndGlobalSection
	GlobalSection(ExtensibilityGlobals) = postSolution
		SolutionGuid = {C8E94F4B-7765-49F4-B547-B71CD9582DB0}
	EndGlobalSection
EndGlobal
